
Microsoft Visual Studio Solution File, Format Version 12.00
# Visual Studio Version 17
VisualStudioVersion = 17.0.31903.59
MinimumVisualStudioVersion = 10.0.40219.1
Project("{FAE04EC0-301F-11D3-BF4B-00C04F79EFBC}") = "aoc", "src\aoc\aoc.csproj", "{82CD8D3B-D5F0-472C-9954-5FAFCF789B1E}"
EndProject
Project("{2150E333-8FDC-42A3-9474-1A3956D46DE8}") = "src", "src", "{C9376883-178C-44E6-8DA9-3D91689628FE}"
EndProject
Project("{2150E333-8FDC-42A3-9474-1A3956D46DE8}") = "tests", "tests", "{6DFBE5A9-4974-4CFD-899C-D8A02AEC394A}"
EndProject
Project("{FAE04EC0-301F-11D3-BF4B-00C04F79EFBC}") = "AoC.Tests", "tests\AoC.Tests\AoC.Tests.csproj", "{470B7545-BB2D-4492-AE81-84C6E83F8F82}"
EndProject
Global
	GlobalSection(SolutionConfigurationPlatforms) = preSolution
		Debug|Any CPU = Debug|Any CPU
		Release|Any CPU = Release|Any CPU
	EndGlobalSection
	GlobalSection(SolutionProperties) = preSolution
		HideSolutionNode = FALSE
	EndGlobalSection
	GlobalSection(ProjectConfigurationPlatforms) = postSolution
		{82CD8D3B-D5F0-472C-9954-5FAFCF789B1E}.Debug|Any CPU.ActiveCfg = Debug|Any CPU
		{82CD8D3B-D5F0-472C-9954-5FAFCF789B1E}.Debug|Any CPU.Build.0 = Debug|Any CPU
		{82CD8D3B-D5F0-472C-9954-5FAFCF789B1E}.Release|Any CPU.ActiveCfg = Release|Any CPU
		{82CD8D3B-D5F0-472C-9954-5FAFCF789B1E}.Release|Any CPU.Build.0 = Release|Any CPU
		{470B7545-BB2D-4492-AE81-84C6E83F8F82}.Debug|Any CPU.ActiveCfg = Debug|Any CPU
		{470B7545-BB2D-4492-AE81-84C6E83F8F82}.Debug|Any CPU.Build.0 = Debug|Any CPU
		{470B7545-BB2D-4492-AE81-84C6E83F8F82}.Release|Any CPU.ActiveCfg = Release|Any CPU
		{470B7545-BB2D-4492-AE81-84C6E83F8F82}.Release|Any CPU.Build.0 = Release|Any CPU
	EndGlobalSection
	GlobalSection(NestedProjects) = preSolution
		{82CD8D3B-D5F0-472C-9954-5FAFCF789B1E} = {C9376883-178C-44E6-8DA9-3D91689628FE}
		{470B7545-BB2D-4492-AE81-84C6E83F8F82} = {6DFBE5A9-4974-4CFD-899C-D8A02AEC394A}
	EndGlobalSection
EndGlobal
